{
  "version": 4,
  "terraform_version": "1.5.7",
  "serial": 13,
  "lineage": "9bc0a77f-5533-b7d0-04ff-c18eafe7410b",
  "outputs": {
    "existing_project_id_used": {
      "value": "my-first-project-461911",
      "type": "string"
    },
    "terraform_server_vm_external_ip": {
      "value": "35.193.95.135",
      "type": "string",
      "sensitive": true
    },
    "terraform_server_vm_name": {
      "value": "terraform-server",
      "type": "string"
    },
    "terraform_service_account_email": {
      "value": "tf-server-sa@my-first-project-461911.iam.gserviceaccount.com",
      "type": "string"
    },
    "tf_state_gcs_bucket_name": {
      "value": "my-first-project-461911-tfstate",
      "type": "string"
    }
  },
  "resources": [
    {
      "module": "module.project_resources",
      "mode": "managed",
      "type": "google_project_iam_member",
      "name": "sa_project_roles",
      "provider": "provider[\"registry.terraform.io/hashicorp/google\"]",
      "instances": [
        {
          "index_key": "roles/editor",
          "schema_version": 0,
          "attributes": {
            "condition": [],
            "etag": "BwY2vsIxjKc=",
            "id": "my-first-project-461911/roles/editor/serviceAccount:tf-server-sa@my-first-project-461911.iam.gserviceaccount.com",
            "member": "serviceAccount:tf-server-sa@my-first-project-461911.iam.gserviceaccount.com",
            "project": "my-first-project-461911",
            "role": "roles/editor"
          },
          "sensitive_attributes": [],
          "private": "bnVsbA==",
          "dependencies": [
            "module.project_resources.google_project_service.project_apis",
            "module.project_resources.google_service_account.terraform_sa"
          ]
        }
      ]
    },
    {
      "module": "module.project_resources",
      "mode": "managed",
      "type": "google_project_service",
      "name": "project_apis",
      "provider": "provider[\"registry.terraform.io/hashicorp/google\"]",
      "instances": [
        {
          "index_key": "cloudresourcemanager.googleapis.com",
          "schema_version": 0,
          "attributes": {
            "disable_dependent_services": false,
            "disable_on_destroy": false,
            "id": "my-first-project-461911/cloudresourcemanager.googleapis.com",
            "project": "my-first-project-461911",
            "service": "cloudresourcemanager.googleapis.com",
            "timeouts": null
          },
          "sensitive_attributes": [],
          "private": "eyJlMmJmYjczMC1lY2FhLTExZTYtOGY4OC0zNDM2M2JjN2M0YzAiOnsiY3JlYXRlIjoxMjAwMDAwMDAwMDAwLCJkZWxldGUiOjEyMDAwMDAwMDAwMDAsInJlYWQiOjYwMDAwMDAwMDAwMCwidXBkYXRlIjoxMjAwMDAwMDAwMDAwfX0="
        },
        {
          "index_key": "compute.googleapis.com",
          "schema_version": 0,
          "attributes": {
            "disable_dependent_services": false,
            "disable_on_destroy": false,
            "id": "my-first-project-461911/compute.googleapis.com",
            "project": "my-first-project-461911",
            "service": "compute.googleapis.com",
            "timeouts": null
          },
          "sensitive_attributes": [],
          "private": "eyJlMmJmYjczMC1lY2FhLTExZTYtOGY4OC0zNDM2M2JjN2M0YzAiOnsiY3JlYXRlIjoxMjAwMDAwMDAwMDAwLCJkZWxldGUiOjEyMDAwMDAwMDAwMDAsInJlYWQiOjYwMDAwMDAwMDAwMCwidXBkYXRlIjoxMjAwMDAwMDAwMDAwfX0="
        },
        {
          "index_key": "iam.googleapis.com",
          "schema_version": 0,
          "attributes": {
            "disable_dependent_services": false,
            "disable_on_destroy": false,
            "id": "my-first-project-461911/iam.googleapis.com",
            "project": "my-first-project-461911",
            "service": "iam.googleapis.com",
            "timeouts": null
          },
          "sensitive_attributes": [],
          "private": "eyJlMmJmYjczMC1lY2FhLTExZTYtOGY4OC0zNDM2M2JjN2M0YzAiOnsiY3JlYXRlIjoxMjAwMDAwMDAwMDAwLCJkZWxldGUiOjEyMDAwMDAwMDAwMDAsInJlYWQiOjYwMDAwMDAwMDAwMCwidXBkYXRlIjoxMjAwMDAwMDAwMDAwfX0="
        },
        {
          "index_key": "iamcredentials.googleapis.com",
          "schema_version": 0,
          "attributes": {
            "disable_dependent_services": false,
            "disable_on_destroy": false,
            "id": "my-first-project-461911/iamcredentials.googleapis.com",
            "project": "my-first-project-461911",
            "service": "iamcredentials.googleapis.com",
            "timeouts": null
          },
          "sensitive_attributes": [],
          "private": "eyJlMmJmYjczMC1lY2FhLTExZTYtOGY4OC0zNDM2M2JjN2M0YzAiOnsiY3JlYXRlIjoxMjAwMDAwMDAwMDAwLCJkZWxldGUiOjEyMDAwMDAwMDAwMDAsInJlYWQiOjYwMDAwMDAwMDAwMCwidXBkYXRlIjoxMjAwMDAwMDAwMDAwfX0="
        },
        {
          "index_key": "serviceusage.googleapis.com",
          "schema_version": 0,
          "attributes": {
            "disable_dependent_services": false,
            "disable_on_destroy": false,
            "id": "my-first-project-461911/serviceusage.googleapis.com",
            "project": "my-first-project-461911",
            "service": "serviceusage.googleapis.com",
            "timeouts": null
          },
          "sensitive_attributes": [],
          "private": "eyJlMmJmYjczMC1lY2FhLTExZTYtOGY4OC0zNDM2M2JjN2M0YzAiOnsiY3JlYXRlIjoxMjAwMDAwMDAwMDAwLCJkZWxldGUiOjEyMDAwMDAwMDAwMDAsInJlYWQiOjYwMDAwMDAwMDAwMCwidXBkYXRlIjoxMjAwMDAwMDAwMDAwfX0="
        },
        {
          "index_key": "storage-api.googleapis.com",
          "schema_version": 0,
          "attributes": {
            "disable_dependent_services": false,
            "disable_on_destroy": false,
            "id": "my-first-project-461911/storage-api.googleapis.com",
            "project": "my-first-project-461911",
            "service": "storage-api.googleapis.com",
            "timeouts": null
          },
          "sensitive_attributes": [],
          "private": "eyJlMmJmYjczMC1lY2FhLTExZTYtOGY4OC0zNDM2M2JjN2M0YzAiOnsiY3JlYXRlIjoxMjAwMDAwMDAwMDAwLCJkZWxldGUiOjEyMDAwMDAwMDAwMDAsInJlYWQiOjYwMDAwMDAwMDAwMCwidXBkYXRlIjoxMjAwMDAwMDAwMDAwfX0="
        }
      ]
    },
    {
      "module": "module.project_resources",
      "mode": "managed",
      "type": "google_service_account",
      "name": "terraform_sa",
      "provider": "provider[\"registry.terraform.io/hashicorp/google\"]",
      "instances": [
        {
          "schema_version": 0,
          "attributes": {
            "account_id": "tf-server-sa",
            "create_ignore_already_exists": null,
            "description": "Service account for the Terraform server VM to manage GCP resources in project my-first-project-461911.",
            "disabled": false,
            "display_name": "Terraform Server Service Account",
            "email": "tf-server-sa@my-first-project-461911.iam.gserviceaccount.com",
            "id": "projects/my-first-project-461911/serviceAccounts/tf-server-sa@my-first-project-461911.iam.gserviceaccount.com",
            "member": "serviceAccount:tf-server-sa@my-first-project-461911.iam.gserviceaccount.com",
            "name": "projects/my-first-project-461911/serviceAccounts/tf-server-sa@my-first-project-461911.iam.gserviceaccount.com",
            "project": "my-first-project-461911",
            "timeouts": null,
            "unique_id": "114238395040616659051"
          },
          "sensitive_attributes": [],
          "private": "eyJlMmJmYjczMC1lY2FhLTExZTYtOGY4OC0zNDM2M2JjN2M0YzAiOnsiY3JlYXRlIjozMDAwMDAwMDAwMDB9fQ==",
          "dependencies": [
            "module.project_resources.google_project_service.project_apis"
          ]
        }
      ]
    },
    {
      "module": "module.project_resources",
      "mode": "managed",
      "type": "google_storage_bucket",
      "name": "tfstate_bucket",
      "provider": "provider[\"registry.terraform.io/hashicorp/google\"]",
      "instances": [
        {
          "schema_version": 2,
          "attributes": {
            "autoclass": [],
            "cors": [],
            "custom_placement_config": [],
            "default_event_based_hold": false,
            "effective_labels": {},
            "enable_object_retention": false,
            "encryption": [],
            "force_destroy": false,
            "id": "my-first-project-461911-tfstate",
            "labels": null,
            "lifecycle_rule": [
              {
                "action": [
                  {
                    "storage_class": "",
                    "type": "Delete"
                  }
                ],
                "condition": [
                  {
                    "age": 0,
                    "created_before": "",
                    "custom_time_before": "",
                    "days_since_custom_time": 0,
                    "days_since_noncurrent_time": 0,
                    "matches_prefix": [],
                    "matches_storage_class": [],
                    "matches_suffix": [],
                    "no_age": false,
                    "noncurrent_time_before": "",
                    "num_newer_versions": 10,
                    "send_age_if_zero": true,
                    "send_days_since_custom_time_if_zero": false,
                    "send_days_since_noncurrent_time_if_zero": false,
                    "send_num_newer_versions_if_zero": false,
                    "with_state": "ANY"
                  }
                ]
              }
            ],
            "location": "US-CENTRAL1",
            "logging": [],
            "name": "my-first-project-461911-tfstate",
            "project": "my-first-project-461911",
            "project_number": 853283688528,
            "public_access_prevention": "inherited",
            "requester_pays": false,
            "retention_policy": [],
            "rpo": null,
            "self_link": "https://www.googleapis.com/storage/v1/b/my-first-project-461911-tfstate",
            "soft_delete_policy": [
              {
                "effective_time": "2025-06-04T13:12:52.364Z",
                "retention_duration_seconds": 604800
              }
            ],
            "storage_class": "STANDARD",
            "terraform_labels": {},
            "timeouts": null,
            "uniform_bucket_level_access": true,
            "url": "gs://my-first-project-461911-tfstate",
            "versioning": [
              {
                "enabled": true
              }
            ],
            "website": []
          },
          "sensitive_attributes": [],
          "private": "eyJlMmJmYjczMC1lY2FhLTExZTYtOGY4OC0zNDM2M2JjN2M0YzAiOnsiY3JlYXRlIjo2MDAwMDAwMDAwMDAsInJlYWQiOjI0MDAwMDAwMDAwMCwidXBkYXRlIjoyNDAwMDAwMDAwMDB9LCJzY2hlbWFfdmVyc2lvbiI6IjIifQ==",
          "dependencies": [
            "module.project_resources.google_project_service.project_apis"
          ]
        }
      ]
    },
    {
      "module": "module.project_resources",
      "mode": "managed",
      "type": "google_storage_bucket_iam_member",
      "name": "tfstate_bucket_sa_admin",
      "provider": "provider[\"registry.terraform.io/hashicorp/google\"]",
      "instances": [
        {
          "schema_version": 0,
          "attributes": {
            "bucket": "b/my-first-project-461911-tfstate",
            "condition": [],
            "etag": "CAI=",
            "id": "b/my-first-project-461911-tfstate/roles/storage.objectAdmin/serviceAccount:tf-server-sa@my-first-project-461911.iam.gserviceaccount.com",
            "member": "serviceAccount:tf-server-sa@my-first-project-461911.iam.gserviceaccount.com",
            "role": "roles/storage.objectAdmin"
          },
          "sensitive_attributes": [],
          "private": "bnVsbA==",
          "dependencies": [
            "module.project_resources.google_project_service.project_apis",
            "module.project_resources.google_service_account.terraform_sa",
            "module.project_resources.google_storage_bucket.tfstate_bucket"
          ]
        }
      ]
    },
    {
      "module": "module.terraform_server_vm",
      "mode": "data",
      "type": "google_compute_image",
      "name": "vm_os_image",
      "provider": "provider[\"registry.terraform.io/hashicorp/google\"]",
      "instances": [
        {
          "schema_version": 0,
          "attributes": {
            "archive_size_bytes": 2177436672,
            "creation_timestamp": "2025-05-13T15:25:22.918-07:00",
            "description": "Debian, Debian GNU/Linux, 11 (bullseye), amd64 built on 20250513",
            "disk_size_gb": 10,
            "family": "debian-11",
            "filter": null,
            "id": "projects/debian-cloud/global/images/debian-11-bullseye-v20250513",
            "image_encryption_key_sha256": "",
            "image_id": "5688726955899123773",
            "label_fingerprint": "iNBmVNCFF9w=",
            "labels": {
              "public-image": "true"
            },
            "licenses": [
              "https://www.googleapis.com/compute/v1/projects/debian-cloud/global/licenses/debian-11-bullseye"
            ],
            "most_recent": false,
            "name": "debian-11-bullseye-v20250513",
            "project": "debian-cloud",
            "self_link": "https://www.googleapis.com/compute/v1/projects/debian-cloud/global/images/debian-11-bullseye-v20250513",
            "source_disk": "",
            "source_disk_encryption_key_sha256": "",
            "source_disk_id": "",
            "source_image_id": "",
            "status": "READY"
          },
          "sensitive_attributes": []
        }
      ]
    },
    {
      "module": "module.terraform_server_vm",
      "mode": "managed",
      "type": "google_compute_firewall",
      "name": "allow_ssh",
      "provider": "provider[\"registry.terraform.io/hashicorp/google\"]",
      "instances": [
        {
          "index_key": 0,
          "schema_version": 1,
          "attributes": {
            "allow": [
              {
                "ports": [
                  "22"
                ],
                "protocol": "tcp"
              }
            ],
            "creation_timestamp": "2025-06-04T06:13:15.383-07:00",
            "deny": [],
            "description": "",
            "destination_ranges": [],
            "direction": "INGRESS",
            "disabled": false,
            "enable_logging": null,
            "id": "projects/my-first-project-461911/global/firewalls/terraform-server-allow-ssh",
            "log_config": [],
            "name": "terraform-server-allow-ssh",
            "network": "https://www.googleapis.com/compute/v1/projects/my-first-project-461911/global/networks/default",
            "priority": 1000,
            "project": "my-first-project-461911",
            "self_link": "https://www.googleapis.com/compute/v1/projects/my-first-project-461911/global/firewalls/terraform-server-allow-ssh",
            "source_ranges": [
              "0.0.0.0/0"
            ],
            "source_service_accounts": null,
            "source_tags": null,
            "target_service_accounts": null,
            "target_tags": [
              "allow-ssh"
            ],
            "timeouts": null
          },
          "sensitive_attributes": [],
          "private": "eyJlMmJmYjczMC1lY2FhLTExZTYtOGY4OC0zNDM2M2JjN2M0YzAiOnsiY3JlYXRlIjoxMjAwMDAwMDAwMDAwLCJkZWxldGUiOjEyMDAwMDAwMDAwMDAsInVwZGF0ZSI6MTIwMDAwMDAwMDAwMH0sInNjaGVtYV92ZXJzaW9uIjoiMSJ9",
          "dependencies": [
            "module.project_resources.google_project_iam_member.sa_project_roles",
            "module.project_resources.google_project_service.project_apis",
            "module.project_resources.google_service_account.terraform_sa",
            "module.project_resources.google_storage_bucket.tfstate_bucket",
            "module.project_resources.google_storage_bucket_iam_member.tfstate_bucket_sa_admin"
          ]
        }
      ]
    },
    {
      "module": "module.terraform_server_vm",
      "mode": "managed",
      "type": "google_compute_instance",
      "name": "terraform_server",
      "provider": "provider[\"registry.terraform.io/hashicorp/google\"]",
      "instances": [
        {
          "schema_version": 6,
          "attributes": {
            "advanced_machine_features": [],
            "allow_stopping_for_update": true,
            "attached_disk": [],
            "boot_disk": [
              {
                "auto_delete": true,
                "device_name": "persistent-disk-0",
                "disk_encryption_key_raw": "",
                "disk_encryption_key_sha256": "",
                "initialize_params": [
                  {
                    "enable_confidential_compute": false,
                    "image": "https://www.googleapis.com/compute/v1/projects/debian-cloud/global/images/debian-11-bullseye-v20250513",
                    "labels": {},
                    "provisioned_iops": 0,
                    "provisioned_throughput": 0,
                    "resource_manager_tags": null,
                    "size": 20,
                    "storage_pool": "",
                    "type": "pd-standard"
                  }
                ],
                "kms_key_self_link": "",
                "mode": "READ_WRITE",
                "source": "https://www.googleapis.com/compute/v1/projects/my-first-project-461911/zones/us-central1-a/disks/terraform-server"
              }
            ],
            "can_ip_forward": false,
            "confidential_instance_config": [],
            "cpu_platform": "Intel Broadwell",
            "current_status": "RUNNING",
            "deletion_protection": false,
            "description": "",
            "desired_status": null,
            "effective_labels": {},
            "enable_display": false,
            "guest_accelerator": [],
            "hostname": "",
            "id": "projects/my-first-project-461911/zones/us-central1-a/instances/terraform-server",
            "instance_id": "2345276983928027265",
            "label_fingerprint": "42WmSpB8rSM=",
            "labels": null,
            "machine_type": "e2-micro",
            "metadata": null,
            "metadata_fingerprint": "_9kmIM-tVpE=",
            "metadata_startup_script": null,
            "min_cpu_platform": "",
            "name": "terraform-server",
            "network_interface": [
              {
                "access_config": [
                  {
                    "nat_ip": "35.193.95.135",
                    "network_tier": "PREMIUM",
                    "public_ptr_domain_name": ""
                  }
                ],
                "alias_ip_range": [],
                "internal_ipv6_prefix_length": 0,
                "ipv6_access_config": [],
                "ipv6_access_type": "",
                "ipv6_address": "",
                "name": "nic0",
                "network": "https://www.googleapis.com/compute/v1/projects/my-first-project-461911/global/networks/default",
                "network_ip": "10.128.0.2",
                "nic_type": "",
                "queue_count": 0,
                "stack_type": "IPV4_ONLY",
                "subnetwork": "https://www.googleapis.com/compute/v1/projects/my-first-project-461911/regions/us-central1/subnetworks/default",
                "subnetwork_project": "my-first-project-461911"
              }
            ],
            "network_performance_config": [],
            "params": [],
            "project": "my-first-project-461911",
            "reservation_affinity": [],
            "resource_policies": null,
            "scheduling": [
              {
                "automatic_restart": true,
                "instance_termination_action": "",
                "local_ssd_recovery_timeout": [],
                "max_run_duration": [],
                "min_node_cpus": 0,
                "node_affinities": [],
                "on_host_maintenance": "MIGRATE",
                "on_instance_stop_action": [],
                "preemptible": false,
                "provisioning_model": "STANDARD"
              }
            ],
            "scratch_disk": [],
            "self_link": "https://www.googleapis.com/compute/v1/projects/my-first-project-461911/zones/us-central1-a/instances/terraform-server",
            "service_account": [
              {
                "email": "tf-server-sa@my-first-project-461911.iam.gserviceaccount.com",
                "scopes": [
                  "https://www.googleapis.com/auth/cloud-platform"
                ]
              }
            ],
            "shielded_instance_config": [
              {
                "enable_integrity_monitoring": true,
                "enable_secure_boot": false,
                "enable_vtpm": true
              }
            ],
            "tags": [
              "allow-ssh",
              "terraform-server"
            ],
            "tags_fingerprint": "79esjIm_SdI=",
            "terraform_labels": {},
            "timeouts": null,
            "zone": "us-central1-a"
          },
          "sensitive_attributes": [],
          "private": "eyJlMmJmYjczMC1lY2FhLTExZTYtOGY4OC0zNDM2M2JjN2M0YzAiOnsiY3JlYXRlIjoxMjAwMDAwMDAwMDAwLCJkZWxldGUiOjEyMDAwMDAwMDAwMDAsInVwZGF0ZSI6MTIwMDAwMDAwMDAwMH0sInNjaGVtYV92ZXJzaW9uIjoiNiJ9",
          "dependencies": [
            "module.project_resources.google_project_iam_member.sa_project_roles",
            "module.project_resources.google_project_service.project_apis",
            "module.project_resources.google_service_account.terraform_sa",
            "module.project_resources.google_storage_bucket.tfstate_bucket",
            "module.project_resources.google_storage_bucket_iam_member.tfstate_bucket_sa_admin",
            "module.terraform_server_vm.data.google_compute_image.vm_os_image"
          ]
        }
      ]
    }
  ],
  "check_results": null
}
